
Microsoft Visual Studio Solution File, Format Version 12.00
Project("{FAE04EC0-301F-11D3-BF4B-00C04F79EFBC}") = "TadbirQueryAI.Api", "TadbirQueryAI.Api\TadbirQueryAI.Api.csproj", "{467F8595-C3EF-4DBD-A9AF-748BB6DE5DEE}"
EndProject
Global
	GlobalSection(SolutionConfigurationPlatforms) = preSolution
		Debug|Any CPU = Debug|Any CPU
		Release|Any CPU = Release|Any CPU
	EndGlobalSection
	GlobalSection(ProjectConfigurationPlatforms) = postSolution
		{467F8595-C3EF-4DBD-A9AF-748BB6DE5DEE}.Debug|Any CPU.ActiveCfg = Debug|Any CPU
		{467F8595-C3EF-4DBD-A9AF-748BB6DE5DEE}.Debug|Any CPU.Build.0 = Debug|Any CPU
		{467F8595-C3EF-4DBD-A9AF-748BB6DE5DEE}.Release|Any CPU.ActiveCfg = Release|Any CPU
		{467F8595-C3EF-4DBD-A9AF-748BB6DE5DEE}.Release|Any CPU.Build.0 = Release|Any CPU
	EndGlobalSection
EndGlobal
